
Microsoft Visual Studio Solution File, Format Version 11.00
# Visual Studio 2010
Project("{2150E333-8FDC-42A3-9474-1A3956D46DE8}") = ".nuget", ".nuget", "{3A16FF70-EA1D-4A25-B5D8-5424FD196B3A}"
	ProjectSection(SolutionItems) = preProject
		.nuget\NuGet.Config = .nuget\NuGet.Config
		.nuget\NuGet.exe = .nuget\NuGet.exe
		.nuget\NuGet.targets = .nuget\NuGet.targets
	EndProjectSection
EndProject
Project("{FAE04EC0-301F-11D3-BF4B-00C04F79EFBC}") = "OneCache", "OneCache\OneCache.csproj", "{356D5D9F-3685-4AA3-A02A-BF3508E811AD}"
EndProject
Project("{FAE04EC0-301F-11D3-BF4B-00C04F79EFBC}") = "OneCache.AppFabric", "OneCache.AppFabric\OneCache.AppFabric.csproj", "{C50DD25A-7BB1-46EB-AAA6-9C76EEF804D8}"
EndProject
Project("{FAE04EC0-301F-11D3-BF4B-00C04F79EFBC}") = "OneCache.SystemTests", "OneCache.SystemTests\OneCache.SystemTests.csproj", "{ED575A43-03E0-49B2-8E19-663BB8015518}"
EndProject
Project("{FAE04EC0-301F-11D3-BF4B-00C04F79EFBC}") = "OneCache.UnitTests", "OneCache.UnitTests\OneCache.UnitTests.csproj", "{5BB9DA46-E455-4A49-9FF5-EF6505A121FA}"
EndProject
Project("{2150E333-8FDC-42A3-9474-1A3956D46DE8}") = "Product", "Product", "{7E547611-3F19-4138-8575-505C36E30677}"
EndProject
Project("{2150E333-8FDC-42A3-9474-1A3956D46DE8}") = "Samples", "Samples", "{51C70BD6-F20A-4D19-A313-812C6AE47FAA}"
EndProject
Global
	GlobalSection(SolutionConfigurationPlatforms) = preSolution
		Debug|Any CPU = Debug|Any CPU
		Debug|x64 = Debug|x64
		Debug|x86 = Debug|x86
		Production|Any CPU = Production|Any CPU
		Production|x64 = Production|x64
		Production|x86 = Production|x86
		Release|Any CPU = Release|Any CPU
		Release|x64 = Release|x64
		Release|x86 = Release|x86
		Staging|Any CPU = Staging|Any CPU
		Staging|x64 = Staging|x64
		Staging|x86 = Staging|x86
		SysTest|Any CPU = SysTest|Any CPU
		SysTest|x64 = SysTest|x64
		SysTest|x86 = SysTest|x86
	EndGlobalSection
	GlobalSection(ProjectConfigurationPlatforms) = postSolution
		{356D5D9F-3685-4AA3-A02A-BF3508E811AD}.Debug|Any CPU.ActiveCfg = Debug|Any CPU
		{356D5D9F-3685-4AA3-A02A-BF3508E811AD}.Debug|Any CPU.Build.0 = Debug|Any CPU
		{356D5D9F-3685-4AA3-A02A-BF3508E811AD}.Debug|x64.ActiveCfg = Debug|Any CPU
		{356D5D9F-3685-4AA3-A02A-BF3508E811AD}.Debug|x86.ActiveCfg = Debug|Any CPU
		{356D5D9F-3685-4AA3-A02A-BF3508E811AD}.Production|Any CPU.ActiveCfg = Production|Any CPU
		{356D5D9F-3685-4AA3-A02A-BF3508E811AD}.Production|Any CPU.Build.0 = Production|Any CPU
		{356D5D9F-3685-4AA3-A02A-BF3508E811AD}.Production|x64.ActiveCfg = Production|Any CPU
		{356D5D9F-3685-4AA3-A02A-BF3508E811AD}.Production|x86.ActiveCfg = Production|Any CPU
		{356D5D9F-3685-4AA3-A02A-BF3508E811AD}.Release|Any CPU.ActiveCfg = Release|Any CPU
		{356D5D9F-3685-4AA3-A02A-BF3508E811AD}.Release|Any CPU.Build.0 = Release|Any CPU
		{356D5D9F-3685-4AA3-A02A-BF3508E811AD}.Release|x64.ActiveCfg = Release|Any CPU
		{356D5D9F-3685-4AA3-A02A-BF3508E811AD}.Release|x86.ActiveCfg = Release|Any CPU
		{356D5D9F-3685-4AA3-A02A-BF3508E811AD}.Staging|Any CPU.ActiveCfg = Staging|Any CPU
		{356D5D9F-3685-4AA3-A02A-BF3508E811AD}.Staging|Any CPU.Build.0 = Staging|Any CPU
		{356D5D9F-3685-4AA3-A02A-BF3508E811AD}.Staging|x64.ActiveCfg = Staging|Any CPU
		{356D5D9F-3685-4AA3-A02A-BF3508E811AD}.Staging|x86.ActiveCfg = Staging|Any CPU
		{356D5D9F-3685-4AA3-A02A-BF3508E811AD}.SysTest|Any CPU.ActiveCfg = SysTest|Any CPU
		{356D5D9F-3685-4AA3-A02A-BF3508E811AD}.SysTest|Any CPU.Build.0 = SysTest|Any CPU
		{356D5D9F-3685-4AA3-A02A-BF3508E811AD}.SysTest|x64.ActiveCfg = SysTest|Any CPU
		{356D5D9F-3685-4AA3-A02A-BF3508E811AD}.SysTest|x86.ActiveCfg = SysTest|Any CPU
		{C50DD25A-7BB1-46EB-AAA6-9C76EEF804D8}.Debug|Any CPU.ActiveCfg = Debug|Any CPU
		{C50DD25A-7BB1-46EB-AAA6-9C76EEF804D8}.Debug|Any CPU.Build.0 = Debug|Any CPU
		{C50DD25A-7BB1-46EB-AAA6-9C76EEF804D8}.Debug|x64.ActiveCfg = Debug|Any CPU
		{C50DD25A-7BB1-46EB-AAA6-9C76EEF804D8}.Debug|x86.ActiveCfg = Debug|Any CPU
		{C50DD25A-7BB1-46EB-AAA6-9C76EEF804D8}.Production|Any CPU.ActiveCfg = Production|Any CPU
		{C50DD25A-7BB1-46EB-AAA6-9C76EEF804D8}.Production|Any CPU.Build.0 = Production|Any CPU
		{C50DD25A-7BB1-46EB-AAA6-9C76EEF804D8}.Production|x64.ActiveCfg = Production|Any CPU
		{C50DD25A-7BB1-46EB-AAA6-9C76EEF804D8}.Production|x86.ActiveCfg = Production|Any CPU
		{C50DD25A-7BB1-46EB-AAA6-9C76EEF804D8}.Release|Any CPU.ActiveCfg = Release|Any CPU
		{C50DD25A-7BB1-46EB-AAA6-9C76EEF804D8}.Release|Any CPU.Build.0 = Release|Any CPU
		{C50DD25A-7BB1-46EB-AAA6-9C76EEF804D8}.Release|x64.ActiveCfg = Release|Any CPU
		{C50DD25A-7BB1-46EB-AAA6-9C76EEF804D8}.Release|x86.ActiveCfg = Release|Any CPU
		{C50DD25A-7BB1-46EB-AAA6-9C76EEF804D8}.Staging|Any CPU.ActiveCfg = Staging|Any CPU
		{C50DD25A-7BB1-46EB-AAA6-9C76EEF804D8}.Staging|Any CPU.Build.0 = Staging|Any CPU
		{C50DD25A-7BB1-46EB-AAA6-9C76EEF804D8}.Staging|x64.ActiveCfg = Staging|Any CPU
		{C50DD25A-7BB1-46EB-AAA6-9C76EEF804D8}.Staging|x86.ActiveCfg = Staging|Any CPU
		{C50DD25A-7BB1-46EB-AAA6-9C76EEF804D8}.SysTest|Any CPU.ActiveCfg = SysTest|Any CPU
		{C50DD25A-7BB1-46EB-AAA6-9C76EEF804D8}.SysTest|Any CPU.Build.0 = SysTest|Any CPU
		{C50DD25A-7BB1-46EB-AAA6-9C76EEF804D8}.SysTest|x64.ActiveCfg = SysTest|Any CPU
		{C50DD25A-7BB1-46EB-AAA6-9C76EEF804D8}.SysTest|x86.ActiveCfg = SysTest|Any CPU
		{ED575A43-03E0-49B2-8E19-663BB8015518}.Debug|Any CPU.ActiveCfg = Debug|Any CPU
		{ED575A43-03E0-49B2-8E19-663BB8015518}.Debug|Any CPU.Build.0 = Debug|Any CPU
		{ED575A43-03E0-49B2-8E19-663BB8015518}.Debug|x64.ActiveCfg = Debug|x64
		{ED575A43-03E0-49B2-8E19-663BB8015518}.Debug|x64.Build.0 = Debug|x64
		{ED575A43-03E0-49B2-8E19-663BB8015518}.Debug|x86.ActiveCfg = Debug|x86
		{ED575A43-03E0-49B2-8E19-663BB8015518}.Debug|x86.Build.0 = Debug|x86
		{ED575A43-03E0-49B2-8E19-663BB8015518}.Production|Any CPU.ActiveCfg = Release|Any CPU
		{ED575A43-03E0-49B2-8E19-663BB8015518}.Production|Any CPU.Build.0 = Release|Any CPU
		{ED575A43-03E0-49B2-8E19-663BB8015518}.Production|x64.ActiveCfg = Release|x64
		{ED575A43-03E0-49B2-8E19-663BB8015518}.Production|x64.Build.0 = Release|x64
		{ED575A43-03E0-49B2-8E19-663BB8015518}.Production|x86.ActiveCfg = Release|x64
		{ED575A43-03E0-49B2-8E19-663BB8015518}.Release|Any CPU.ActiveCfg = Release|Any CPU
		{ED575A43-03E0-49B2-8E19-663BB8015518}.Release|Any CPU.Build.0 = Release|Any CPU
		{ED575A43-03E0-49B2-8E19-663BB8015518}.Release|x64.ActiveCfg = Release|x64
		{ED575A43-03E0-49B2-8E19-663BB8015518}.Release|x64.Build.0 = Release|x64
		{ED575A43-03E0-49B2-8E19-663BB8015518}.Release|x86.ActiveCfg = Release|x86
		{ED575A43-03E0-49B2-8E19-663BB8015518}.Release|x86.Build.0 = Release|x86
		{ED575A43-03E0-49B2-8E19-663BB8015518}.Staging|Any CPU.ActiveCfg = Release|Any CPU
		{ED575A43-03E0-49B2-8E19-663BB8015518}.Staging|Any CPU.Build.0 = Release|Any CPU
		{ED575A43-03E0-49B2-8E19-663BB8015518}.Staging|x64.ActiveCfg = Release|x64
		{ED575A43-03E0-49B2-8E19-663BB8015518}.Staging|x64.Build.0 = Release|x64
		{ED575A43-03E0-49B2-8E19-663BB8015518}.Staging|x86.ActiveCfg = Release|x64
		{ED575A43-03E0-49B2-8E19-663BB8015518}.SysTest|Any CPU.ActiveCfg = Release|Any CPU
		{ED575A43-03E0-49B2-8E19-663BB8015518}.SysTest|Any CPU.Build.0 = Release|Any CPU
		{ED575A43-03E0-49B2-8E19-663BB8015518}.SysTest|x64.ActiveCfg = Release|x64
		{ED575A43-03E0-49B2-8E19-663BB8015518}.SysTest|x64.Build.0 = Release|x64
		{ED575A43-03E0-49B2-8E19-663BB8015518}.SysTest|x86.ActiveCfg = Release|x64
		{5BB9DA46-E455-4A49-9FF5-EF6505A121FA}.Debug|Any CPU.ActiveCfg = Debug|Any CPU
		{5BB9DA46-E455-4A49-9FF5-EF6505A121FA}.Debug|Any CPU.Build.0 = Debug|Any CPU
		{5BB9DA46-E455-4A49-9FF5-EF6505A121FA}.Debug|x64.ActiveCfg = Debug|Any CPU
		{5BB9DA46-E455-4A49-9FF5-EF6505A121FA}.Debug|x86.ActiveCfg = Debug|Any CPU
		{5BB9DA46-E455-4A49-9FF5-EF6505A121FA}.Production|Any CPU.ActiveCfg = Release|Any CPU
		{5BB9DA46-E455-4A49-9FF5-EF6505A121FA}.Production|Any CPU.Build.0 = Release|Any CPU
		{5BB9DA46-E455-4A49-9FF5-EF6505A121FA}.Production|x64.ActiveCfg = Release|Any CPU
		{5BB9DA46-E455-4A49-9FF5-EF6505A121FA}.Production|x86.ActiveCfg = Release|Any CPU
		{5BB9DA46-E455-4A49-9FF5-EF6505A121FA}.Release|Any CPU.ActiveCfg = Release|Any CPU
		{5BB9DA46-E455-4A49-9FF5-EF6505A121FA}.Release|Any CPU.Build.0 = Release|Any CPU
		{5BB9DA46-E455-4A49-9FF5-EF6505A121FA}.Release|x64.ActiveCfg = Release|Any CPU
		{5BB9DA46-E455-4A49-9FF5-EF6505A121FA}.Release|x86.ActiveCfg = Release|Any CPU
		{5BB9DA46-E455-4A49-9FF5-EF6505A121FA}.Staging|Any CPU.ActiveCfg = Release|Any CPU
		{5BB9DA46-E455-4A49-9FF5-EF6505A121FA}.Staging|Any CPU.Build.0 = Release|Any CPU
		{5BB9DA46-E455-4A49-9FF5-EF6505A121FA}.Staging|x64.ActiveCfg = Release|Any CPU
		{5BB9DA46-E455-4A49-9FF5-EF6505A121FA}.Staging|x86.ActiveCfg = Release|Any CPU
		{5BB9DA46-E455-4A49-9FF5-EF6505A121FA}.SysTest|Any CPU.ActiveCfg = Release|Any CPU
		{5BB9DA46-E455-4A49-9FF5-EF6505A121FA}.SysTest|Any CPU.Build.0 = Release|Any CPU
		{5BB9DA46-E455-4A49-9FF5-EF6505A121FA}.SysTest|x64.ActiveCfg = Release|Any CPU
		{5BB9DA46-E455-4A49-9FF5-EF6505A121FA}.SysTest|x86.ActiveCfg = Release|Any CPU
	EndGlobalSection
	GlobalSection(SolutionProperties) = preSolution
		HideSolutionNode = FALSE
	EndGlobalSection
	GlobalSection(NestedProjects) = preSolution
		{C50DD25A-7BB1-46EB-AAA6-9C76EEF804D8} = {7E547611-3F19-4138-8575-505C36E30677}
		{ED575A43-03E0-49B2-8E19-663BB8015518} = {7E547611-3F19-4138-8575-505C36E30677}
		{5BB9DA46-E455-4A49-9FF5-EF6505A121FA} = {7E547611-3F19-4138-8575-505C36E30677}
		{356D5D9F-3685-4AA3-A02A-BF3508E811AD} = {7E547611-3F19-4138-8575-505C36E30677}
	EndGlobalSection
EndGlobal
